// !$*UTF8*$!
{
	archiveVersion = 1;
	classes = {
	};
	objectVersion = 46;
	objects = {

/* Begin PBXBuildFile section */
		7B6A67C51BE02C980023C7D8 /* DVTPlugInCompatibilityWatchdog.m in Sources */ = {isa = PBXBuildFile; fileRef = 7B6A67C41BE02C980023C7D8 /* DVTPlugInCompatibilityWatchdog.m */; };
		7B6A67C81BE02CFA0023C7D8 /* DVTCompatibilitizer.m in Sources */ = {isa = PBXBuildFile; fileRef = 7B91FE911BE023E200F3BF55 /* DVTCompatibilitizer.m */; };
		7B6A67CE1BE03FED0023C7D8 /* DVTPlugInCompatibilityWatchdog in CopyFiles */ = {isa = PBXBuildFile; fileRef = 7B6A67C21BE02C980023C7D8 /* DVTPlugInCompatibilityWatchdog */; settings = {ATTRIBUTES = (CodeSignOnCopy, ); }; };
		7B6A67D01BE0400E0023C7D8 /* DVTCompatibilitizer.notfier.app in CopyFiles */ = {isa = PBXBuildFile; fileRef = 7B6A67CF1BE0400A0023C7D8 /* DVTCompatibilitizer.notfier.app */; settings = {ATTRIBUTES = (RemoveHeadersOnCopy, ); }; };
		7B6A68121BE046D80023C7D8 /* AHAuthorizer.m in Sources */ = {isa = PBXBuildFile; fileRef = 7B6A68031BE046D80023C7D8 /* AHAuthorizer.m */; };
		7B6A68131BE046D80023C7D8 /* AHLaunchCtl.m in Sources */ = {isa = PBXBuildFile; fileRef = 7B6A68061BE046D80023C7D8 /* AHLaunchCtl.m */; };
		7B6A68141BE046D80023C7D8 /* AHLaunchJob.m in Sources */ = {isa = PBXBuildFile; fileRef = 7B6A68081BE046D80023C7D8 /* AHLaunchJob.m */; };
		7B6A68151BE046D80023C7D8 /* AHLaunchJobSchedule.m in Sources */ = {isa = PBXBuildFile; fileRef = 7B6A680A1BE046D80023C7D8 /* AHLaunchJobSchedule.m */; };
		7B6A68161BE046D80023C7D8 /* AHServiceManagement.m in Sources */ = {isa = PBXBuildFile; fileRef = 7B6A680C1BE046D80023C7D8 /* AHServiceManagement.m */; };
		7B6A68171BE046D80023C7D8 /* NSFileManger+Privileged.m in Sources */ = {isa = PBXBuildFile; fileRef = 7B6A680F1BE046D80023C7D8 /* NSFileManger+Privileged.m */; };
		7B6A68181BE046D80023C7D8 /* NSString+ah_versionCompare.m in Sources */ = {isa = PBXBuildFile; fileRef = 7B6A68111BE046D80023C7D8 /* NSString+ah_versionCompare.m */; };
		7B91FE921BE023E200F3BF55 /* DVTCompatibilitizer.m in Sources */ = {isa = PBXBuildFile; fileRef = 7B91FE911BE023E200F3BF55 /* DVTCompatibilitizer.m */; };
		7B953EEF1BE00F0500EB7F15 /* DVTPlugInCompatibilityUUIDifier.m in Sources */ = {isa = PBXBuildFile; fileRef = 7B953EEE1BE00F0500EB7F15 /* DVTPlugInCompatibilityUUIDifier.m */; };
/* End PBXBuildFile section */

/* Begin PBXContainerItemProxy section */
		7B6A67CC1BE03FE30023C7D8 /* PBXContainerItemProxy */ = {
			isa = PBXContainerItemProxy;
			containerPortal = 089C1669FE841209C02AAC07 /* Project object */;
			proxyType = 1;
			remoteGlobalIDString = 7B6A67C11BE02C980023C7D8;
			remoteInfo = DVTPlugInCompatibilityWatchdog;
		};
/* End PBXContainerItemProxy section */

/* Begin PBXCopyFilesBuildPhase section */
		D277852A16C0589C001711DE /* CopyFiles */ = {
			isa = PBXCopyFilesBuildPhase;
			buildActionMask = 2147483647;
			dstPath = "";
			dstSubfolderSpec = 6;
			files = (
				7B6A67CE1BE03FED0023C7D8 /* DVTPlugInCompatibilityWatchdog in CopyFiles */,
				7B6A67D01BE0400E0023C7D8 /* DVTCompatibilitizer.notfier.app in CopyFiles */,
			);
			runOnlyForDeploymentPostprocessing = 0;
		};
/* End PBXCopyFilesBuildPhase section */

/* Begin PBXFileReference section */
		7B2153371BE0545900BDE9AE /* README.md */ = {isa = PBXFileReference; lastKnownFileType = net.daringfireball.markdown; path = README.md; sourceTree = "<group>"; };
		7B6A67C21BE02C980023C7D8 /* DVTPlugInCompatibilityWatchdog */ = {isa = PBXFileReference; explicitFileType = "compiled.mach-o.executable"; includeInIndex = 0; path = DVTPlugInCompatibilityWatchdog; sourceTree = BUILT_PRODUCTS_DIR; };
		7B6A67C41BE02C980023C7D8 /* DVTPlugInCompatibilityWatchdog.m */ = {isa = PBXFileReference; lastKnownFileType = sourcecode.c.objc; path = DVTPlugInCompatibilityWatchdog.m; sourceTree = "<group>"; };
		7B6A67CF1BE0400A0023C7D8 /* DVTCompatibilitizer.notfier.app */ = {isa = PBXFileReference; lastKnownFileType = wrapper.application; path = DVTCompatibilitizer.notfier.app; sourceTree = "<group>"; };
		7B6A68021BE046D80023C7D8 /* AHAuthorizer.h */ = {isa = PBXFileReference; fileEncoding = 4; lastKnownFileType = sourcecode.c.h; path = AHAuthorizer.h; sourceTree = "<group>"; };
		7B6A68031BE046D80023C7D8 /* AHAuthorizer.m */ = {isa = PBXFileReference; fileEncoding = 4; lastKnownFileType = sourcecode.c.objc; path = AHAuthorizer.m; sourceTree = "<group>"; };
		7B6A68041BE046D80023C7D8 /* AHLaunchCtl-Prefix.pch */ = {isa = PBXFileReference; fileEncoding = 4; lastKnownFileType = sourcecode.c.h; path = "AHLaunchCtl-Prefix.pch"; sourceTree = "<group>"; };
		7B6A68051BE046D80023C7D8 /* AHLaunchCtl.h */ = {isa = PBXFileReference; fileEncoding = 4; lastKnownFileType = sourcecode.c.h; path = AHLaunchCtl.h; sourceTree = "<group>"; };
		7B6A68061BE046D80023C7D8 /* AHLaunchCtl.m */ = {isa = PBXFileReference; fileEncoding = 4; lastKnownFileType = sourcecode.c.objc; path = AHLaunchCtl.m; sourceTree = "<group>"; };
		7B6A68071BE046D80023C7D8 /* AHLaunchJob.h */ = {isa = PBXFileReference; fileEncoding = 4; lastKnownFileType = sourcecode.c.h; path = AHLaunchJob.h; sourceTree = "<group>"; };
		7B6A68081BE046D80023C7D8 /* AHLaunchJob.m */ = {isa = PBXFileReference; fileEncoding = 4; lastKnownFileType = sourcecode.c.objc; path = AHLaunchJob.m; sourceTree = "<group>"; };
		7B6A68091BE046D80023C7D8 /* AHLaunchJobSchedule.h */ = {isa = PBXFileReference; fileEncoding = 4; lastKnownFileType = sourcecode.c.h; path = AHLaunchJobSchedule.h; sourceTree = "<group>"; };
		7B6A680A1BE046D80023C7D8 /* AHLaunchJobSchedule.m */ = {isa = PBXFileReference; fileEncoding = 4; lastKnownFileType = sourcecode.c.objc; path = AHLaunchJobSchedule.m; sourceTree = "<group>"; };
		7B6A680B1BE046D80023C7D8 /* AHServiceManagement.h */ = {isa = PBXFileReference; fileEncoding = 4; lastKnownFileType = sourcecode.c.h; path = AHServiceManagement.h; sourceTree = "<group>"; };
		7B6A680C1BE046D80023C7D8 /* AHServiceManagement.m */ = {isa = PBXFileReference; fileEncoding = 4; lastKnownFileType = sourcecode.c.objc; path = AHServiceManagement.m; sourceTree = "<group>"; };
		7B6A680D1BE046D80023C7D8 /* AHServiceManagement_Private.h */ = {isa = PBXFileReference; fileEncoding = 4; lastKnownFileType = sourcecode.c.h; path = AHServiceManagement_Private.h; sourceTree = "<group>"; };
		7B6A680E1BE046D80023C7D8 /* NSFileManger+Privileged.h */ = {isa = PBXFileReference; fileEncoding = 4; lastKnownFileType = sourcecode.c.h; path = "NSFileManger+Privileged.h"; sourceTree = "<group>"; };
		7B6A680F1BE046D80023C7D8 /* NSFileManger+Privileged.m */ = {isa = PBXFileReference; fileEncoding = 4; lastKnownFileType = sourcecode.c.objc; path = "NSFileManger+Privileged.m"; sourceTree = "<group>"; };
		7B6A68101BE046D80023C7D8 /* NSString+ah_versionCompare.h */ = {isa = PBXFileReference; fileEncoding = 4; lastKnownFileType = sourcecode.c.h; path = "NSString+ah_versionCompare.h"; sourceTree = "<group>"; };
		7B6A68111BE046D80023C7D8 /* NSString+ah_versionCompare.m */ = {isa = PBXFileReference; fileEncoding = 4; lastKnownFileType = sourcecode.c.objc; path = "NSString+ah_versionCompare.m"; sourceTree = "<group>"; };
		7B91FE901BE023E200F3BF55 /* DVTCompatibilitizer.h */ = {isa = PBXFileReference; fileEncoding = 4; lastKnownFileType = sourcecode.c.h; path = DVTCompatibilitizer.h; sourceTree = "<group>"; };
		7B91FE911BE023E200F3BF55 /* DVTCompatibilitizer.m */ = {isa = PBXFileReference; fileEncoding = 4; lastKnownFileType = sourcecode.c.objc; path = DVTCompatibilitizer.m; sourceTree = "<group>"; };
		7B953EEE1BE00F0500EB7F15 /* DVTPlugInCompatibilityUUIDifier.m */ = {isa = PBXFileReference; fileEncoding = 4; lastKnownFileType = sourcecode.c.objc; path = DVTPlugInCompatibilityUUIDifier.m; sourceTree = "<group>"; };
		8D5B49B6048680CD000E48DA /* DVTPlugInCompatibilityUUIDifier.xcplugin */ = {isa = PBXFileReference; explicitFileType = wrapper.cfbundle; includeInIndex = 0; path = DVTPlugInCompatibilityUUIDifier.xcplugin; sourceTree = BUILT_PRODUCTS_DIR; };
		D2E2D2E016D42CCC00447430 /* DVTPlugInCompatibilityUUIDifier-Info.plist */ = {isa = PBXFileReference; lastKnownFileType = text.plist.xml; path = "DVTPlugInCompatibilityUUIDifier-Info.plist"; sourceTree = "<group>"; };
/* End PBXFileReference section */

/* Begin PBXGroup section */
		089C166AFE841209C02AAC07 /* QuietXcode */ = {
			isa = PBXGroup;
			children = (
				7B91FE901BE023E200F3BF55 /* DVTCompatibilitizer.h */,
				7B91FE911BE023E200F3BF55 /* DVTCompatibilitizer.m */,
				7B953EEE1BE00F0500EB7F15 /* DVTPlugInCompatibilityUUIDifier.m */,
				7B6A67C41BE02C980023C7D8 /* DVTPlugInCompatibilityWatchdog.m */,
				7B2153381BE0BE2B00BDE9AE /* Support */,
				19C28FB8FE9D52D311CA2CBB /* Products */,
			);
			name = QuietXcode;
			sourceTree = "<group>";
		};
		19C28FB8FE9D52D311CA2CBB /* Products */ = {
			isa = PBXGroup;
			children = (
				8D5B49B6048680CD000E48DA /* DVTPlugInCompatibilityUUIDifier.xcplugin */,
				7B6A67C21BE02C980023C7D8 /* DVTPlugInCompatibilityWatchdog */,
			);
			name = Products;
			sourceTree = "<group>";
		};
		7B2153381BE0BE2B00BDE9AE /* Support */ = {
			isa = PBXGroup;
			children = (
				7B2153371BE0545900BDE9AE /* README.md */,
				7B6A68011BE046D80023C7D8 /* AHLaunchCtl */,
				D2E2D2E016D42CCC00447430 /* DVTPlugInCompatibilityUUIDifier-Info.plist */,
				7B6A67CF1BE0400A0023C7D8 /* DVTCompatibilitizer.notfier.app */,
			);
			name = Support;
			sourceTree = "<group>";
		};
		7B6A68011BE046D80023C7D8 /* AHLaunchCtl */ = {
			isa = PBXGroup;
			children = (
				7B6A68021BE046D80023C7D8 /* AHAuthorizer.h */,
				7B6A68031BE046D80023C7D8 /* AHAuthorizer.m */,
				7B6A68041BE046D80023C7D8 /* AHLaunchCtl-Prefix.pch */,
				7B6A68051BE046D80023C7D8 /* AHLaunchCtl.h */,
				7B6A68061BE046D80023C7D8 /* AHLaunchCtl.m */,
				7B6A68071BE046D80023C7D8 /* AHLaunchJob.h */,
				7B6A68081BE046D80023C7D8 /* AHLaunchJob.m */,
				7B6A68091BE046D80023C7D8 /* AHLaunchJobSchedule.h */,
				7B6A680A1BE046D80023C7D8 /* AHLaunchJobSchedule.m */,
				7B6A680B1BE046D80023C7D8 /* AHServiceManagement.h */,
				7B6A680C1BE046D80023C7D8 /* AHServiceManagement.m */,
				7B6A680D1BE046D80023C7D8 /* AHServiceManagement_Private.h */,
				7B6A680E1BE046D80023C7D8 /* NSFileManger+Privileged.h */,
				7B6A680F1BE046D80023C7D8 /* NSFileManger+Privileged.m */,
				7B6A68101BE046D80023C7D8 /* NSString+ah_versionCompare.h */,
				7B6A68111BE046D80023C7D8 /* NSString+ah_versionCompare.m */,
			);
			name = AHLaunchCtl;
			path = AHLaunchCtl/AHLaunchCtl;
			sourceTree = "<group>";
		};
/* End PBXGroup section */

/* Begin PBXNativeTarget section */
		7B6A67C11BE02C980023C7D8 /* DVTPlugInCompatibilityWatchdog */ = {
			isa = PBXNativeTarget;
			buildConfigurationList = 7B6A67C61BE02C980023C7D8 /* Build configuration list for PBXNativeTarget "DVTPlugInCompatibilityWatchdog" */;
			buildPhases = (
				7B6A67BE1BE02C980023C7D8 /* Sources */,
			);
			buildRules = (
			);
			dependencies = (
			);
			name = DVTPlugInCompatibilityWatchdog;
			productName = DVTPlugInCompatibilityWatchdog;
			productReference = 7B6A67C21BE02C980023C7D8 /* DVTPlugInCompatibilityWatchdog */;
			productType = "com.apple.product-type.tool";
		};
		8D5B49AC048680CD000E48DA /* DVTPlugInCompatibilityUUIDifier */ = {
			isa = PBXNativeTarget;
			buildConfigurationList = 1DEB913A08733D840010E9CD /* Build configuration list for PBXNativeTarget "DVTPlugInCompatibilityUUIDifier" */;
			buildPhases = (
				D277852A16C0589C001711DE /* CopyFiles */,
				8D5B49B1048680CD000E48DA /* Sources */,
			);
			buildRules = (
			);
			dependencies = (
				7B6A67CD1BE03FE30023C7D8 /* PBXTargetDependency */,
			);
			name = DVTPlugInCompatibilityUUIDifier;
			productInstallPath = "$(HOME)/Library/Bundles";
			productName = QuietXcode;
			productReference = 8D5B49B6048680CD000E48DA /* DVTPlugInCompatibilityUUIDifier.xcplugin */;
			productType = "com.apple.product-type.bundle";
		};
/* End PBXNativeTarget section */

/* Begin PBXProject section */
		089C1669FE841209C02AAC07 /* Project object */ = {
			isa = PBXProject;
			attributes = {
				LastUpgradeCheck = 0710;
				TargetAttributes = {
					7B6A67C11BE02C980023C7D8 = {
						CreatedOnToolsVersion = 7.1;
					};
				};
			};
			buildConfigurationList = 1DEB913E08733D840010E9CD /* Build configuration list for PBXProject "DVTPlugInCompatibilityUUIDifier" */;
			compatibilityVersion = "Xcode 3.2";
			developmentRegion = English;
			hasScannedForEncodings = 1;
			knownRegions = (
				English,
				Japanese,
				French,
				German,
			);
			mainGroup = 089C166AFE841209C02AAC07 /* QuietXcode */;
			projectDirPath = "";
			projectRoot = "";
			targets = (
				8D5B49AC048680CD000E48DA /* DVTPlugInCompatibilityUUIDifier */,
				7B6A67C11BE02C980023C7D8 /* DVTPlugInCompatibilityWatchdog */,
			);
		};
/* End PBXProject section */

/* Begin PBXSourcesBuildPhase section */
		7B6A67BE1BE02C980023C7D8 /* Sources */ = {
			isa = PBXSourcesBuildPhase;
			buildActionMask = 2147483647;
			files = (
				7B6A67C51BE02C980023C7D8 /* DVTPlugInCompatibilityWatchdog.m in Sources */,
				7B6A67C81BE02CFA0023C7D8 /* DVTCompatibilitizer.m in Sources */,
			);
			runOnlyForDeploymentPostprocessing = 0;
		};
		8D5B49B1048680CD000E48DA /* Sources */ = {
			isa = PBXSourcesBuildPhase;
			buildActionMask = 2147483647;
			files = (
				7B6A68151BE046D80023C7D8 /* AHLaunchJobSchedule.m in Sources */,
				7B6A68141BE046D80023C7D8 /* AHLaunchJob.m in Sources */,
				7B6A68161BE046D80023C7D8 /* AHServiceManagement.m in Sources */,
				7B6A68181BE046D80023C7D8 /* NSString+ah_versionCompare.m in Sources */,
				7B91FE921BE023E200F3BF55 /* DVTCompatibilitizer.m in Sources */,
				7B953EEF1BE00F0500EB7F15 /* DVTPlugInCompatibilityUUIDifier.m in Sources */,
				7B6A68171BE046D80023C7D8 /* NSFileManger+Privileged.m in Sources */,
				7B6A68121BE046D80023C7D8 /* AHAuthorizer.m in Sources */,
				7B6A68131BE046D80023C7D8 /* AHLaunchCtl.m in Sources */,
			);
			runOnlyForDeploymentPostprocessing = 0;
		};
/* End PBXSourcesBuildPhase section */

/* Begin PBXTargetDependency section */
		7B6A67CD1BE03FE30023C7D8 /* PBXTargetDependency */ = {
			isa = PBXTargetDependency;
			target = 7B6A67C11BE02C980023C7D8 /* DVTPlugInCompatibilityWatchdog */;
			targetProxy = 7B6A67CC1BE03FE30023C7D8 /* PBXContainerItemProxy */;
		};
/* End PBXTargetDependency section */

/* Begin XCBuildConfiguration section */
		1DEB913B08733D840010E9CD /* Debug */ = {
			isa = XCBuildConfiguration;
			buildSettings = {
				ALWAYS_SEARCH_USER_PATHS = YES;
				CLANG_ENABLE_OBJC_ARC = YES;
				COMBINE_HIDPI_IMAGES = YES;
				COPY_PHASE_STRIP = NO;
				DEPLOYMENT_LOCATION = YES;
				DEPLOYMENT_POSTPROCESSING = YES;
				DSTROOT = "$(HOME)";
				GCC_DYNAMIC_NO_PIC = NO;
				GCC_OPTIMIZATION_LEVEL = 0;
				HEADER_SEARCH_PATHS = AHLaunchCtl;
				INFOPLIST_FILE = "$(TARGET_NAME)-Info.plist";
				INSTALL_PATH = "/Library/Application Support/Developer/Shared/Xcode/Plug-ins";
				PRODUCT_BUNDLE_IDENTIFIER = "com.mrgray.${PRODUCT_NAME:identifier}";
				PRODUCT_NAME = DVTPlugInCompatibilityUUIDifier;
				STRIP_INSTALLED_PRODUCT = NO;
				WRAPPER_EXTENSION = xcplugin;
			};
			name = Debug;
		};
		1DEB913F08733D840010E9CD /* Debug */ = {
			isa = XCBuildConfiguration;
			buildSettings = {
				CLANG_ALLOW_NON_MODULAR_INCLUDES_IN_FRAMEWORK_MODULES = YES;
				CLANG_ENABLE_MODULES = YES;
				CURRENT_PROJECT_VERSION = 1.0.0;
				ENABLE_TESTABILITY = YES;
				GCC_C_LANGUAGE_STANDARD = c11;
				GCC_OPTIMIZATION_LEVEL = 0;
				GCC_WARN_ABOUT_RETURN_TYPE = YES;
				GCC_WARN_UNUSED_VARIABLE = YES;
				INSTALL_PATH = "$(HOME)/Library/Application Support/Developer/Shared/Xcode/Plug-ins";
				MACOSX_DEPLOYMENT_TARGET = 10.7;
				ONLY_ACTIVE_ARCH = YES;
				SDKROOT = macosx;
			};
			name = Debug;
		};
		7B6A67C71BE02C980023C7D8 /* Debug */ = {
			isa = XCBuildConfiguration;
			buildSettings = {
				ALWAYS_SEARCH_USER_PATHS = NO;
				CLANG_CXX_LANGUAGE_STANDARD = "gnu++0x";
				CLANG_CXX_LIBRARY = "libc++";
				CLANG_ENABLE_OBJC_ARC = YES;
				CLANG_WARN_BOOL_CONVERSION = YES;
				CLANG_WARN_CONSTANT_CONVERSION = YES;
				CLANG_WARN_DIRECT_OBJC_ISA_USAGE = YES_ERROR;
				CLANG_WARN_EMPTY_BODY = YES;
				CLANG_WARN_ENUM_CONVERSION = YES;
				CLANG_WARN_INT_CONVERSION = YES;
				CLANG_WARN_OBJC_ROOT_CLASS = YES_ERROR;
				CLANG_WARN_UNREACHABLE_CODE = YES;
				CLANG_WARN__DUPLICATE_METHOD_MATCH = YES;
				CODE_SIGN_IDENTITY = "-";
				COPY_PHASE_STRIP = NO;
				DEBUG_INFORMATION_FORMAT = dwarf;
				ENABLE_STRICT_OBJC_MSGSEND = YES;
				GCC_C_LANGUAGE_STANDARD = gnu99;
				GCC_DYNAMIC_NO_PIC = NO;
				GCC_NO_COMMON_BLOCKS = YES;
				GCC_PREPROCESSOR_DEFINITIONS = (
					"DEBUG=1",
					"$(inherited)",
				);
				GCC_WARN_64_TO_32_BIT_CONVERSION = YES;
				GCC_WARN_ABOUT_RETURN_TYPE = YES_ERROR;
				GCC_WARN_UNDECLARED_SELECTOR = YES;
				GCC_WARN_UNINITIALIZED_AUTOS = YES_AGGRESSIVE;
				GCC_WARN_UNUSED_FUNCTION = YES;
				MACOSX_DEPLOYMENT_TARGET = 10.11;
				MTL_ENABLE_DEBUG_INFO = YES;
				PRODUCT_NAME = "$(TARGET_NAME)";
			};
			name = Debug;
		};
/* End XCBuildConfiguration section */

/* Begin XCConfigurationList section */
		1DEB913A08733D840010E9CD /* Build configuration list for PBXNativeTarget "DVTPlugInCompatibilityUUIDifier" */ = {
			isa = XCConfigurationList;
			buildConfigurations = (
				1DEB913B08733D840010E9CD /* Debug */,
			);
			defaultConfigurationIsVisible = 0;
			defaultConfigurationName = Debug;
		};
		1DEB913E08733D840010E9CD /* Build configuration list for PBXProject "DVTPlugInCompatibilityUUIDifier" */ = {
			isa = XCConfigurationList;
			buildConfigurations = (
				1DEB913F08733D840010E9CD /* Debug */,
			);
			defaultConfigurationIsVisible = 0;
			defaultConfigurationName = Debug;
		};
		7B6A67C61BE02C980023C7D8 /* Build configuration list for PBXNativeTarget "DVTPlugInCompatibilityWatchdog" */ = {
			isa = XCConfigurationList;
			buildConfigurations = (
				7B6A67C71BE02C980023C7D8 /* Debug */,
			);
			defaultConfigurationIsVisible = 0;
			defaultConfigurationName = Debug;
		};
/* End XCConfigurationList section */
	};
	rootObject = 089C1669FE841209C02AAC07 /* Project object */;
}
